
Microsoft Visual Studio Solution File, Format Version 12.00
# Visual Studio 15
VisualStudioVersion = 15.0.27130.2027
MinimumVisualStudioVersion = 10.0.40219.1
Project("{2150E333-8FDC-42A3-9474-1A3956D46DE8}") = "src", "src", "{C8860BFF-CF88-4368-9B29-E486606A6649}"
EndProject
Project("{2150E333-8FDC-42A3-9474-1A3956D46DE8}") = "test", "test", "{2068ADBE-BD98-4D00-A01C-15074A3E0D63}"
EndProject
Project("{FAE04EC0-301F-11D3-BF4B-00C04F79EFBC}") = "Aguacongas.Identity.Firebase", "src\Aguacongas.Identity.Firebase\Aguacongas.Identity.Firebase.csproj", "{1D6C437A-9C39-4F17-9248-B9D465CB6412}"
EndProject
Project("{FAE04EC0-301F-11D3-BF4B-00C04F79EFBC}") = "Aguacongase.Identity.Firebase.Test", "test\Aguacongase.Identity.Firebase.Test\Aguacongase.Identity.Firebase.Test.csproj", "{5CD874F7-DD16-42CD-B60E-62BB8BBCCC31}"
EndProject
Global
	GlobalSection(SolutionConfigurationPlatforms) = preSolution
		Debug|Any CPU = Debug|Any CPU
		Release|Any CPU = Release|Any CPU
	EndGlobalSection
	GlobalSection(ProjectConfigurationPlatforms) = postSolution
		{1D6C437A-9C39-4F17-9248-B9D465CB6412}.Debug|Any CPU.ActiveCfg = Debug|Any CPU
		{1D6C437A-9C39-4F17-9248-B9D465CB6412}.Debug|Any CPU.Build.0 = Debug|Any CPU
		{1D6C437A-9C39-4F17-9248-B9D465CB6412}.Release|Any CPU.ActiveCfg = Release|Any CPU
		{1D6C437A-9C39-4F17-9248-B9D465CB6412}.Release|Any CPU.Build.0 = Release|Any CPU
		{5CD874F7-DD16-42CD-B60E-62BB8BBCCC31}.Debug|Any CPU.ActiveCfg = Debug|Any CPU
		{5CD874F7-DD16-42CD-B60E-62BB8BBCCC31}.Debug|Any CPU.Build.0 = Debug|Any CPU
		{5CD874F7-DD16-42CD-B60E-62BB8BBCCC31}.Release|Any CPU.ActiveCfg = Release|Any CPU
		{5CD874F7-DD16-42CD-B60E-62BB8BBCCC31}.Release|Any CPU.Build.0 = Release|Any CPU
	EndGlobalSection
	GlobalSection(SolutionProperties) = preSolution
		HideSolutionNode = FALSE
	EndGlobalSection
	GlobalSection(NestedProjects) = preSolution
		{1D6C437A-9C39-4F17-9248-B9D465CB6412} = {C8860BFF-CF88-4368-9B29-E486606A6649}
		{5CD874F7-DD16-42CD-B60E-62BB8BBCCC31} = {2068ADBE-BD98-4D00-A01C-15074A3E0D63}
	EndGlobalSection
	GlobalSection(ExtensibilityGlobals) = postSolution
		SolutionGuid = {DCB8F9E7-93CA-40BF-ADE6-55E23192FE72}
	EndGlobalSection
EndGlobal
